
Microsoft Visual Studio Solution File, Format Version 12.00
# Visual Studio 15
VisualStudioVersion = 15.0.27703.2026
MinimumVisualStudioVersion = 10.0.40219.1
Project("{FAE04EC0-301F-11D3-BF4B-00C04F79EFBC}") = "TestCaseManager", "TestCaseManager\TestCaseManager.csproj", "{99BB47A4-0F20-467A-A121-69219AAEE8BC}"
EndProject
Project("{FAE04EC0-301F-11D3-BF4B-00C04F79EFBC}") = "TestCaseManager.DB", "TestCaseManager.DB\TestCaseManager.DB.csproj", "{C4B62331-2B02-4504-93E5-061BAD462535}"
EndProject
Project("{FAE04EC0-301F-11D3-BF4B-00C04F79EFBC}") = "TestCaseManager.Core", "TestCaseManager.Core\TestCaseManager.Core.csproj", "{814060B0-1855-45B7-82FB-CD4935B46FFF}"
EndProject
Project("{2150E333-8FDC-42A3-9474-1A3956D46DE8}") = ".nuget", ".nuget", "{B29964EF-6AB4-4F31-8A4F-090250605F47}"
	ProjectSection(SolutionItems) = preProject
		.nuget\NuGet.Config = .nuget\NuGet.Config
		.nuget\NuGet.exe = .nuget\NuGet.exe
		.nuget\NuGet.targets = .nuget\NuGet.targets
	EndProjectSection
EndProject
Project("{FAE04EC0-301F-11D3-BF4B-00C04F79EFBC}") = "TestCaseManager.Utilities", "TestCaseManager.Utilities\TestCaseManager.Utilities.csproj", "{41434473-90FF-4DBF-98C4-DCA88687E9DF}"
EndProject
Project("{FAE04EC0-301F-11D3-BF4B-00C04F79EFBC}") = "TestCaseManager.GitHub", "TestCaseManager.GitHub\TestCaseManager.GitHub.csproj", "{F6ADD15F-0FCB-47E3-8444-56166CBEC56F}"
EndProject
Global
	GlobalSection(SolutionConfigurationPlatforms) = preSolution
		Debug|Any CPU = Debug|Any CPU
		Release|Any CPU = Release|Any CPU
	EndGlobalSection
	GlobalSection(ProjectConfigurationPlatforms) = postSolution
		{99BB47A4-0F20-467A-A121-69219AAEE8BC}.Debug|Any CPU.ActiveCfg = Debug|Any CPU
		{99BB47A4-0F20-467A-A121-69219AAEE8BC}.Debug|Any CPU.Build.0 = Debug|Any CPU
		{99BB47A4-0F20-467A-A121-69219AAEE8BC}.Release|Any CPU.ActiveCfg = Release|Any CPU
		{99BB47A4-0F20-467A-A121-69219AAEE8BC}.Release|Any CPU.Build.0 = Release|Any CPU
		{C4B62331-2B02-4504-93E5-061BAD462535}.Debug|Any CPU.ActiveCfg = Debug|Any CPU
		{C4B62331-2B02-4504-93E5-061BAD462535}.Debug|Any CPU.Build.0 = Debug|Any CPU
		{C4B62331-2B02-4504-93E5-061BAD462535}.Release|Any CPU.ActiveCfg = Release|Any CPU
		{C4B62331-2B02-4504-93E5-061BAD462535}.Release|Any CPU.Build.0 = Release|Any CPU
		{814060B0-1855-45B7-82FB-CD4935B46FFF}.Debug|Any CPU.ActiveCfg = Debug|Any CPU
		{814060B0-1855-45B7-82FB-CD4935B46FFF}.Debug|Any CPU.Build.0 = Debug|Any CPU
		{814060B0-1855-45B7-82FB-CD4935B46FFF}.Release|Any CPU.ActiveCfg = Release|Any CPU
		{814060B0-1855-45B7-82FB-CD4935B46FFF}.Release|Any CPU.Build.0 = Release|Any CPU
		{41434473-90FF-4DBF-98C4-DCA88687E9DF}.Debug|Any CPU.ActiveCfg = Debug|Any CPU
		{41434473-90FF-4DBF-98C4-DCA88687E9DF}.Debug|Any CPU.Build.0 = Debug|Any CPU
		{41434473-90FF-4DBF-98C4-DCA88687E9DF}.Release|Any CPU.ActiveCfg = Release|Any CPU
		{41434473-90FF-4DBF-98C4-DCA88687E9DF}.Release|Any CPU.Build.0 = Release|Any CPU
		{F6ADD15F-0FCB-47E3-8444-56166CBEC56F}.Debug|Any CPU.ActiveCfg = Debug|Any CPU
		{F6ADD15F-0FCB-47E3-8444-56166CBEC56F}.Debug|Any CPU.Build.0 = Debug|Any CPU
		{F6ADD15F-0FCB-47E3-8444-56166CBEC56F}.Release|Any CPU.ActiveCfg = Release|Any CPU
		{F6ADD15F-0FCB-47E3-8444-56166CBEC56F}.Release|Any CPU.Build.0 = Release|Any CPU
	EndGlobalSection
	GlobalSection(SolutionProperties) = preSolution
		HideSolutionNode = FALSE
	EndGlobalSection
	GlobalSection(ExtensibilityGlobals) = postSolution
		SolutionGuid = {A92D9ED4-A27B-48BD-AFA0-FEF34A3C934B}
	EndGlobalSection
EndGlobal
